<?xml version="1.0" encoding="UTF-8" standalone="yes" ?>
<CodeBlocks_project_file>
	<FileVersion major="1" minor="6" />
	<Project>
		<Option title="montu" />
		<Option pch_mode="2" />
		<Option compiler="gcc" />
		<Build>
			<Target title="Debug">
				<Option output="bin/Debug/montu" prefix_auto="1" extension_auto="1" />
				<Option object_output="obj/Debug/" />
				<Option type="1" />
				<Option compiler="gcc" />
				<Compiler>
					<Add option="-g" />
					<Add directory="include" />
				</Compiler>
			</Target>
			<Target title="Release">
				<Option output="bin/Release/montu" prefix_auto="1" extension_auto="1" />
				<Option object_output="obj/Release/" />
				<Option type="1" />
				<Option compiler="gcc" />
				<Compiler>
					<Add option="-O2" />
					<Add directory="include" />
				</Compiler>
				<Linker>
					<Add option="-s" />
				</Linker>
			</Target>
		</Build>
		<Compiler>
			<Add option="-Wall" />
			<Add directory="dep_sdl/include" />
			<Add directory="include/Battle" />
			<Add directory="include/City View" />
			<Add directory="include/Main" />
			<Add directory="include/Map" />
			<Add directory="include/Menu" />
		</Compiler>
		<Linker>
			<Add option="-lmingw32 -lSDL2main -lSDL2 -lSDL2_mixer -lSDL2_ttf" />
			<Add directory="dep_sdl/lib" />
		</Linker>
		<Unit filename="include/Animator.h" />
		<Unit filename="include/Battle/ArmyManager.h" />
		<Unit filename="include/Battle/Battle.h" />
		<Unit filename="include/Battle/EnemyAI.h" />
		<Unit filename="include/Battle/Healer.h" />
		<Unit filename="include/Battle/HealthManager.h" />
		<Unit filename="include/Battle/HookSquad.h" />
		<Unit filename="include/Battle/SpearSquad.h" />
		<Unit filename="include/Battle/Squad.h" />
		<Unit filename="include/Battle/squad_data.h" />
		<Unit filename="include/Battle/squad_manager.h" />
		<Unit filename="include/City View/Archery.h" />
		<Unit filename="include/City View/ArmyCamp.h" />
		<Unit filename="include/City View/Bridge.h" />
		<Unit filename="include/City View/Building.h" />
		<Unit filename="include/City View/BuildingUI.h" />
		<Unit filename="include/City View/Buttons.h" />
		<Unit filename="include/City View/Castle.h" />
		<Unit filename="include/City View/Shop.h" />
		<Unit filename="include/City View/Street.h" />
		<Unit filename="include/City View/Tile.h" />
		<Unit filename="include/City View/UISelectable.h" />
		<Unit filename="include/City View/Ui.h" />
		<Unit filename="include/City View/WorldBuilding.h" />
		<Unit filename="include/City View/castleUI.h" />
		<Unit filename="include/Main/ConfigManager.h" />
		<Unit filename="include/Main/Engine.h" />
		<Unit filename="include/Main/FPSManager.h" />
		<Unit filename="include/Main/SoundManager.h" />
		<Unit filename="include/Main/World.h" />
		<Unit filename="include/Main/defines.h" />
		<Unit filename="include/Map/WorldMap.h" />
		<Unit filename="include/Menu/Menu.h" />
		<Unit filename="include/PickAndBan.h" />
		<Unit filename="include/PlayerStatsManager.h" />
		<Unit filename="include/PopUpWriter.h" />
		<Unit filename="include/RainOfArrows.h" />
		<Unit filename="main.cpp" />
		<Unit filename="src/Animator.cpp" />
		<Unit filename="src/Battle/ArmyManager.cpp" />
		<Unit filename="src/Battle/Battle.cpp" />
		<Unit filename="src/Battle/EnemyAI.cpp" />
		<Unit filename="src/Battle/Healer.cpp" />
		<Unit filename="src/Battle/HealthManager.cpp" />
		<Unit filename="src/Battle/HookSquad.cpp" />
		<Unit filename="src/Battle/SpearSquad.cpp" />
		<Unit filename="src/Battle/Squad.cpp" />
		<Unit filename="src/Battle/squad_manager.cpp" />
		<Unit filename="src/City View/Archery.cpp" />
		<Unit filename="src/City View/ArmyCamp.cpp" />
		<Unit filename="src/City View/Bridge.cpp" />
		<Unit filename="src/City View/Building.cpp" />
		<Unit filename="src/City View/BuildingUI.cpp" />
		<Unit filename="src/City View/Buttons.cpp" />
		<Unit filename="src/City View/Castle.cpp" />
		<Unit filename="src/City View/Shop.cpp" />
		<Unit filename="src/City View/Street.cpp" />
		<Unit filename="src/City View/Tile.cpp" />
		<Unit filename="src/City View/UISelectable.cpp" />
		<Unit filename="src/City View/Ui.cpp" />
		<Unit filename="src/City View/WorldBuilding.cpp" />
		<Unit filename="src/City View/castleUI.cpp" />
		<Unit filename="src/Main/ConfigManager.cpp" />
		<Unit filename="src/Main/Engine.cpp" />
		<Unit filename="src/Main/FPSManager.cpp" />
		<Unit filename="src/Main/SoundManager.cpp" />
		<Unit filename="src/Main/World.cpp" />
		<Unit filename="src/Map/WorldMap.cpp" />
		<Unit filename="src/Menu/Menu.cpp" />
		<Unit filename="src/PickAndBan.cpp" />
		<Unit filename="src/PlayerStatsManager.cpp" />
		<Unit filename="src/PopUpWriter.cpp" />
		<Unit filename="src/RainOfArrows.cpp" />
		<Extensions>
			<code_completion />
			<envvars />
			<debugger />
		</Extensions>
	</Project>
</CodeBlocks_project_file>
