<?xml version="1.0" encoding="UTF-8" standalone="yes" ?>
<CodeBlocks_project_file>
	<FileVersion major="1" minor="6" />
	<Project>
		<Option title="montu" />
		<Option pch_mode="2" />
		<Option compiler="gcc" />
		<Build>
			<Target title="Debug">
				<Option output="bin/Debug/montu" prefix_auto="1" extension_auto="1" />
				<Option object_output="obj/Debug/" />
				<Option type="1" />
				<Option compiler="gcc" />
				<Compiler>
					<Add option="-g" />
					<Add directory="include" />
				</Compiler>
			</Target>
			<Target title="Release">
				<Option output="bin/Release/montu" prefix_auto="1" extension_auto="1" />
				<Option object_output="obj/Release/" />
				<Option type="1" />
				<Option compiler="gcc" />
				<Compiler>
					<Add option="-O2" />
					<Add directory="include" />
				</Compiler>
				<Linker>
					<Add option="-s" />
				</Linker>
			</Target>
		</Build>
		<Compiler>
			<Add option="-Wall" />
			<Add directory="dep_sdl/include" />
		</Compiler>
		<Linker>
			<Add option="-lmingw32 -lSDL2main -lSDL2 -lSDL2_mixer -lSDL2_ttf" />
			<Add directory="dep_sdl/lib" />
		</Linker>
		<Unit filename="include/ArmyManager.h" />
		<Unit filename="include/Battle.h" />
		<Unit filename="include/Building.h" />
		<Unit filename="include/ConfigManager.h" />
		<Unit filename="include/EnemyAI.h" />
		<Unit filename="include/Engine.h" />
		<Unit filename="include/HealthManager.h" />
		<Unit filename="include/PickAndBan.h" />
		<Unit filename="include/PlayerStatsManager.h" />
		<Unit filename="include/PopUpWriter.h" />
		<Unit filename="include/SoundManager.h" />
		<Unit filename="include/SpearSquad.h" />
		<Unit filename="include/Squad.h" />
		<Unit filename="include/Tile.h" />
		<Unit filename="include/World.h" />
		<Unit filename="include/defines.h" />
		<Unit filename="main.cpp" />
		<Unit filename="src/ArmyManager.cpp" />
		<Unit filename="src/Battle.cpp" />
		<Unit filename="src/Building.cpp" />
		<Unit filename="src/ConfigManager.cpp" />
		<Unit filename="src/EnemyAI.cpp" />
		<Unit filename="src/Engine.cpp" />
		<Unit filename="src/HealthManager.cpp" />
		<Unit filename="src/PickAndBan.cpp" />
		<Unit filename="src/PlayerStatsManager.cpp" />
		<Unit filename="src/PopUpWriter.cpp" />
		<Unit filename="src/SoundManager.cpp" />
		<Unit filename="src/SpearSquad.cpp" />
		<Unit filename="src/Squad.cpp" />
		<Unit filename="src/Tile.cpp" />
		<Unit filename="src/World.cpp" />
		<Extensions>
			<code_completion />
			<envvars />
			<debugger />
		</Extensions>
	</Project>
</CodeBlocks_project_file>
